{
  "name": "Next13",
  "lockfileVersion": 3,
  "requires": true,
  "packages": {
    "": {
      "dependencies": {
        "pocketbase": "^0.16.0"
      }
    },
    "node_modules/pocketbase": {
      "version": "0.16.0",
      "resolved": "https://registry.npmjs.org/pocketbase/-/pocketbase-0.16.0.tgz",
      "integrity": "sha512-sndPu4Mbu1Y2VefvO2gIa/No5aIdP6E5br9HUGomvDYSfkmGfBxJNkivJSSKlr9KwWnaF8otf14304UUeFGOrA=="
    }
  }
}
